
Microsoft Visual Studio Solution File, Format Version 12.00
# Visual Studio Version 16
VisualStudioVersion = 16.0.29519.181
MinimumVisualStudioVersion = 10.0.40219.1
Project("{FAE04EC0-301F-11D3-BF4B-00C04F79EFBC}") = "CAS.WebUI", "CAS.WebUI\CAS.WebUI.csproj", "{2DB5E395-859F-4E07-B49F-4D5B26390A02}"
EndProject
Project("{FAE04EC0-301F-11D3-BF4B-00C04F79EFBC}") = "CAS.DataStorage", "CAS.DataStorage\CAS.DataStorage.csproj", "{CA180CBD-44C2-4E5D-8B5C-61F375239010}"
EndProject
Project("{FAE04EC0-301F-11D3-BF4B-00C04F79EFBC}") = "CAS.Data", "CAS.Data\CAS.Data.csproj", "{620B1FF6-8821-463A-B14B-97C55FE37E83}"
EndProject
Project("{FAE04EC0-301F-11D3-BF4B-00C04F79EFBC}") = "CAS.Business", "CAS.Business\CAS.Business.csproj", "{C313E219-0B8F-4848-BF39-A72D1C50F7C0}"
EndProject
Project("{FAE04EC0-301F-11D3-BF4B-00C04F79EFBC}") = "CAS.Common", "CAS.Common\CAS.Common.csproj", "{D85B0B46-AD94-4BB9-A453-9D0F243532E6}"
EndProject
Global
	GlobalSection(SolutionConfigurationPlatforms) = preSolution
		Debug|Any CPU = Debug|Any CPU
		Release|Any CPU = Release|Any CPU
	EndGlobalSection
	GlobalSection(ProjectConfigurationPlatforms) = postSolution
		{2DB5E395-859F-4E07-B49F-4D5B26390A02}.Debug|Any CPU.ActiveCfg = Debug|Any CPU
		{2DB5E395-859F-4E07-B49F-4D5B26390A02}.Debug|Any CPU.Build.0 = Debug|Any CPU
		{2DB5E395-859F-4E07-B49F-4D5B26390A02}.Release|Any CPU.ActiveCfg = Release|Any CPU
		{2DB5E395-859F-4E07-B49F-4D5B26390A02}.Release|Any CPU.Build.0 = Release|Any CPU
		{CA180CBD-44C2-4E5D-8B5C-61F375239010}.Debug|Any CPU.ActiveCfg = Debug|Any CPU
		{CA180CBD-44C2-4E5D-8B5C-61F375239010}.Debug|Any CPU.Build.0 = Debug|Any CPU
		{CA180CBD-44C2-4E5D-8B5C-61F375239010}.Release|Any CPU.ActiveCfg = Release|Any CPU
		{CA180CBD-44C2-4E5D-8B5C-61F375239010}.Release|Any CPU.Build.0 = Release|Any CPU
		{620B1FF6-8821-463A-B14B-97C55FE37E83}.Debug|Any CPU.ActiveCfg = Debug|Any CPU
		{620B1FF6-8821-463A-B14B-97C55FE37E83}.Debug|Any CPU.Build.0 = Debug|Any CPU
		{620B1FF6-8821-463A-B14B-97C55FE37E83}.Release|Any CPU.ActiveCfg = Release|Any CPU
		{620B1FF6-8821-463A-B14B-97C55FE37E83}.Release|Any CPU.Build.0 = Release|Any CPU
		{C313E219-0B8F-4848-BF39-A72D1C50F7C0}.Debug|Any CPU.ActiveCfg = Debug|Any CPU
		{C313E219-0B8F-4848-BF39-A72D1C50F7C0}.Debug|Any CPU.Build.0 = Debug|Any CPU
		{C313E219-0B8F-4848-BF39-A72D1C50F7C0}.Release|Any CPU.ActiveCfg = Release|Any CPU
		{C313E219-0B8F-4848-BF39-A72D1C50F7C0}.Release|Any CPU.Build.0 = Release|Any CPU
		{D85B0B46-AD94-4BB9-A453-9D0F243532E6}.Debug|Any CPU.ActiveCfg = Debug|Any CPU
		{D85B0B46-AD94-4BB9-A453-9D0F243532E6}.Debug|Any CPU.Build.0 = Debug|Any CPU
		{D85B0B46-AD94-4BB9-A453-9D0F243532E6}.Release|Any CPU.ActiveCfg = Release|Any CPU
		{D85B0B46-AD94-4BB9-A453-9D0F243532E6}.Release|Any CPU.Build.0 = Release|Any CPU
	EndGlobalSection
	GlobalSection(SolutionProperties) = preSolution
		HideSolutionNode = FALSE
	EndGlobalSection
	GlobalSection(ExtensibilityGlobals) = postSolution
		SolutionGuid = {D9B42364-32FB-4E8B-AF6B-497E4A20899B}
	EndGlobalSection
EndGlobal
